// !$*UTF8*$!
{
	archiveVersion = 1;
	classes = {
	};
	objectVersion = 46;
	objects = {

/* Begin PBXBuildFile section */
		79001E401C16AD8C0067E277 /* main.m in Sources */ = {isa = PBXBuildFile; fileRef = 79001E3F1C16AD8C0067E277 /* main.m */; };
		79001E431C16AD8C0067E277 /* AppDelegate.m in Sources */ = {isa = PBXBuildFile; fileRef = 79001E421C16AD8C0067E277 /* AppDelegate.m */; };
		79001E491C16AD8C0067E277 /* DetailViewController.m in Sources */ = {isa = PBXBuildFile; fileRef = 79001E481C16AD8C0067E277 /* DetailViewController.m */; };
		79001E4C1C16AD8C0067E277 /* Main.storyboard in Resources */ = {isa = PBXBuildFile; fileRef = 79001E4A1C16AD8C0067E277 /* Main.storyboard */; };
		79001E4E1C16AD8C0067E277 /* Images.xcassets in Resources */ = {isa = PBXBuildFile; fileRef = 79001E4D1C16AD8C0067E277 /* Images.xcassets */; };
		79001E511C16AD8C0067E277 /* LaunchScreen.xib in Resources */ = {isa = PBXBuildFile; fileRef = 79001E4F1C16AD8C0067E277 /* LaunchScreen.xib */; };
		79001E5D1C16AD8C0067E277 /* testGifTests.m in Sources */ = {isa = PBXBuildFile; fileRef = 79001E5C1C16AD8C0067E277 /* testGifTests.m */; };
		79001E681C16AD9B0067E277 /* AnimatedGIFImageSerialization.m in Sources */ = {isa = PBXBuildFile; fileRef = 79001E671C16AD9B0067E277 /* AnimatedGIFImageSerialization.m */; };
		79001E6A1C16B0A70067E277 /* test.gif in Resources */ = {isa = PBXBuildFile; fileRef = 79001E691C16B0A70067E277 /* test.gif */; };
/* End PBXBuildFile section */

/* Begin PBXContainerItemProxy section */
		79001E571C16AD8C0067E277 /* PBXContainerItemProxy */ = {
			isa = PBXContainerItemProxy;
			containerPortal = 79001E321C16AD8C0067E277 /* Project object */;
			proxyType = 1;
			remoteGlobalIDString = 79001E391C16AD8C0067E277;
			remoteInfo = testGif;
		};
/* End PBXContainerItemProxy section */

/* Begin PBXFileReference section */
		79001E3A1C16AD8C0067E277 /* testGif.app */ = {isa = PBXFileReference; explicitFileType = wrapper.application; includeInIndex = 0; path = testGif.app; sourceTree = BUILT_PRODUCTS_DIR; };
		79001E3E1C16AD8C0067E277 /* Info.plist */ = {isa = PBXFileReference; lastKnownFileType = text.plist.xml; path = Info.plist; sourceTree = "<group>"; };
		79001E3F1C16AD8C0067E277 /* main.m */ = {isa = PBXFileReference; lastKnownFileType = sourcecode.c.objc; path = main.m; sourceTree = "<group>"; };
		79001E411C16AD8C0067E277 /* AppDelegate.h */ = {isa = PBXFileReference; lastKnownFileType = sourcecode.c.h; path = AppDelegate.h; sourceTree = "<group>"; };
		79001E421C16AD8C0067E277 /* AppDelegate.m */ = {isa = PBXFileReference; lastKnownFileType = sourcecode.c.objc; path = AppDelegate.m; sourceTree = "<group>"; };
		79001E471C16AD8C0067E277 /* DetailViewController.h */ = {isa = PBXFileReference; lastKnownFileType = sourcecode.c.h; path = DetailViewController.h; sourceTree = "<group>"; };
		79001E481C16AD8C0067E277 /* DetailViewController.m */ = {isa = PBXFileReference; lastKnownFileType = sourcecode.c.objc; path = DetailViewController.m; sourceTree = "<group>"; };
		79001E4B1C16AD8C0067E277 /* Base */ = {isa = PBXFileReference; lastKnownFileType = file.storyboard; name = Base; path = Base.lproj/Main.storyboard; sourceTree = "<group>"; };
		79001E4D1C16AD8C0067E277 /* Images.xcassets */ = {isa = PBXFileReference; lastKnownFileType = folder.assetcatalog; path = Images.xcassets; sourceTree = "<group>"; };
		79001E501C16AD8C0067E277 /* Base */ = {isa = PBXFileReference; lastKnownFileType = file.xib; name = Base; path = Base.lproj/LaunchScreen.xib; sourceTree = "<group>"; };
		79001E561C16AD8C0067E277 /* testGifTests.xctest */ = {isa = PBXFileReference; explicitFileType = wrapper.cfbundle; includeInIndex = 0; path = testGifTests.xctest; sourceTree = BUILT_PRODUCTS_DIR; };
		79001E5B1C16AD8C0067E277 /* Info.plist */ = {isa = PBXFileReference; lastKnownFileType = text.plist.xml; path = Info.plist; sourceTree = "<group>"; };
		79001E5C1C16AD8C0067E277 /* testGifTests.m */ = {isa = PBXFileReference; lastKnownFileType = sourcecode.c.objc; path = testGifTests.m; sourceTree = "<group>"; };
		79001E661C16AD9B0067E277 /* AnimatedGIFImageSerialization.h */ = {isa = PBXFileReference; fileEncoding = 4; lastKnownFileType = sourcecode.c.h; path = AnimatedGIFImageSerialization.h; sourceTree = "<group>"; };
		79001E671C16AD9B0067E277 /* AnimatedGIFImageSerialization.m */ = {isa = PBXFileReference; fileEncoding = 4; lastKnownFileType = sourcecode.c.objc; path = AnimatedGIFImageSerialization.m; sourceTree = "<group>"; };
		79001E691C16B0A70067E277 /* test.gif */ = {isa = PBXFileReference; lastKnownFileType = image.gif; path = test.gif; sourceTree = "<group>"; };
/* End PBXFileReference section */

/* Begin PBXFrameworksBuildPhase section */
		79001E371C16AD8C0067E277 /* Frameworks */ = {
			isa = PBXFrameworksBuildPhase;
			buildActionMask = 2147483647;
			files = (
			);
			runOnlyForDeploymentPostprocessing = 0;
		};
		79001E531C16AD8C0067E277 /* Frameworks */ = {
			isa = PBXFrameworksBuildPhase;
			buildActionMask = 2147483647;
			files = (
			);
			runOnlyForDeploymentPostprocessing = 0;
		};
/* End PBXFrameworksBuildPhase section */

/* Begin PBXGroup section */
		79001E311C16AD8C0067E277 = {
			isa = PBXGroup;
			children = (
				79001E3C1C16AD8C0067E277 /* testGif */,
				79001E591C16AD8C0067E277 /* testGifTests */,
				79001E3B1C16AD8C0067E277 /* Products */,
			);
			sourceTree = "<group>";
		};
		79001E3B1C16AD8C0067E277 /* Products */ = {
			isa = PBXGroup;
			children = (
				79001E3A1C16AD8C0067E277 /* testGif.app */,
				79001E561C16AD8C0067E277 /* testGifTests.xctest */,
			);
			name = Products;
			sourceTree = "<group>";
		};
		79001E3C1C16AD8C0067E277 /* testGif */ = {
			isa = PBXGroup;
			children = (
				79001E661C16AD9B0067E277 /* AnimatedGIFImageSerialization.h */,
				79001E671C16AD9B0067E277 /* AnimatedGIFImageSerialization.m */,
				79001E411C16AD8C0067E277 /* AppDelegate.h */,
				79001E421C16AD8C0067E277 /* AppDelegate.m */,
				79001E471C16AD8C0067E277 /* DetailViewController.h */,
				79001E481C16AD8C0067E277 /* DetailViewController.m */,
				79001E691C16B0A70067E277 /* test.gif */,
				79001E4A1C16AD8C0067E277 /* Main.storyboard */,
				79001E4D1C16AD8C0067E277 /* Images.xcassets */,
				79001E4F1C16AD8C0067E277 /* LaunchScreen.xib */,
				79001E3D1C16AD8C0067E277 /* Supporting Files */,
			);
			path = testGif;
			sourceTree = "<group>";
		};
		79001E3D1C16AD8C0067E277 /* Supporting Files */ = {
			isa = PBXGroup;
			children = (
				79001E3E1C16AD8C0067E277 /* Info.plist */,
				79001E3F1C16AD8C0067E277 /* main.m */,
			);
			name = "Supporting Files";
			sourceTree = "<group>";
		};
		79001E591C16AD8C0067E277 /* testGifTests */ = {
			isa = PBXGroup;
			children = (
				79001E5C1C16AD8C0067E277 /* testGifTests.m */,
				79001E5A1C16AD8C0067E277 /* Supporting Files */,
			);
			path = testGifTests;
			sourceTree = "<group>";
		};
		79001E5A1C16AD8C0067E277 /* Supporting Files */ = {
			isa = PBXGroup;
			children = (
				79001E5B1C16AD8C0067E277 /* Info.plist */,
			);
			name = "Supporting Files";
			sourceTree = "<group>";
		};
/* End PBXGroup section */

/* Begin PBXNativeTarget section */
		79001E391C16AD8C0067E277 /* testGif */ = {
			isa = PBXNativeTarget;
			buildConfigurationList = 79001E601C16AD8C0067E277 /* Build configuration list for PBXNativeTarget "testGif" */;
			buildPhases = (
				79001E361C16AD8C0067E277 /* Sources */,
				79001E371C16AD8C0067E277 /* Frameworks */,
				79001E381C16AD8C0067E277 /* Resources */,
			);
			buildRules = (
			);
			dependencies = (
			);
			name = testGif;
			productName = testGif;
			productReference = 79001E3A1C16AD8C0067E277 /* testGif.app */;
			productType = "com.apple.product-type.application";
		};
		79001E551C16AD8C0067E277 /* testGifTests */ = {
			isa = PBXNativeTarget;
			buildConfigurationList = 79001E631C16AD8C0067E277 /* Build configuration list for PBXNativeTarget "testGifTests" */;
			buildPhases = (
				79001E521C16AD8C0067E277 /* Sources */,
				79001E531C16AD8C0067E277 /* Frameworks */,
				79001E541C16AD8C0067E277 /* Resources */,
			);
			buildRules = (
			);
			dependencies = (
				79001E581C16AD8C0067E277 /* PBXTargetDependency */,
			);
			name = testGifTests;
			productName = testGifTests;
			productReference = 79001E561C16AD8C0067E277 /* testGifTests.xctest */;
			productType = "com.apple.product-type.bundle.unit-test";
		};
/* End PBXNativeTarget section */

/* Begin PBXProject section */
		79001E321C16AD8C0067E277 /* Project object */ = {
			isa = PBXProject;
			attributes = {
				LastUpgradeCheck = 0640;
				ORGANIZATIONNAME = happigo;
				TargetAttributes = {
					79001E391C16AD8C0067E277 = {
						CreatedOnToolsVersion = 6.4;
					};
					79001E551C16AD8C0067E277 = {
						CreatedOnToolsVersion = 6.4;
						TestTargetID = 79001E391C16AD8C0067E277;
					};
				};
			};
			buildConfigurationList = 79001E351C16AD8C0067E277 /* Build configuration list for PBXProject "testGif" */;
			compatibilityVersion = "Xcode 3.2";
			developmentRegion = English;
			hasScannedForEncodings = 0;
			knownRegions = (
				en,
				Base,
			);
			mainGroup = 79001E311C16AD8C0067E277;
			productRefGroup = 79001E3B1C16AD8C0067E277 /* Products */;
			projectDirPath = "";
			projectRoot = "";
			targets = (
				79001E391C16AD8C0067E277 /* testGif */,
				79001E551C16AD8C0067E277 /* testGifTests */,
			);
		};
/* End PBXProject section */

/* Begin PBXResourcesBuildPhase section */
		79001E381C16AD8C0067E277 /* Resources */ = {
			isa = PBXResourcesBuildPhase;
			buildActionMask = 2147483647;
			files = (
				79001E4C1C16AD8C0067E277 /* Main.storyboard in Resources */,
				79001E6A1C16B0A70067E277 /* test.gif in Resources */,
				79001E511C16AD8C0067E277 /* LaunchScreen.xib in Resources */,
				79001E4E1C16AD8C0067E277 /* Images.xcassets in Resources */,
			);
			runOnlyForDeploymentPostprocessing = 0;
		};
		79001E541C16AD8C0067E277 /* Resources */ = {
			isa = PBXResourcesBuildPhase;
			buildActionMask = 2147483647;
			files = (
			);
			runOnlyForDeploymentPostprocessing = 0;
		};
/* End PBXResourcesBuildPhase section */

/* Begin PBXSourcesBuildPhase section */
		79001E361C16AD8C0067E277 /* Sources */ = {
			isa = PBXSourcesBuildPhase;
			buildActionMask = 2147483647;
			files = (
				79001E431C16AD8C0067E277 /* AppDelegate.m in Sources */,
				79001E681C16AD9B0067E277 /* AnimatedGIFImageSerialization.m in Sources */,
				79001E401C16AD8C0067E277 /* main.m in Sources */,
				79001E491C16AD8C0067E277 /* DetailViewController.m in Sources */,
			);
			runOnlyForDeploymentPostprocessing = 0;
		};
		79001E521C16AD8C0067E277 /* Sources */ = {
			isa = PBXSourcesBuildPhase;
			buildActionMask = 2147483647;
			files = (
				79001E5D1C16AD8C0067E277 /* testGifTests.m in Sources */,
			);
			runOnlyForDeploymentPostprocessing = 0;
		};
/* End PBXSourcesBuildPhase section */

/* Begin PBXTargetDependency section */
		79001E581C16AD8C0067E277 /* PBXTargetDependency */ = {
			isa = PBXTargetDependency;
			target = 79001E391C16AD8C0067E277 /* testGif */;
			targetProxy = 79001E571C16AD8C0067E277 /* PBXContainerItemProxy */;
		};
/* End PBXTargetDependency section */

/* Begin PBXVariantGroup section */
		79001E4A1C16AD8C0067E277 /* Main.storyboard */ = {
			isa = PBXVariantGroup;
			children = (
				79001E4B1C16AD8C0067E277 /* Base */,
			);
			name = Main.storyboard;
			sourceTree = "<group>";
		};
		79001E4F1C16AD8C0067E277 /* LaunchScreen.xib */ = {
			isa = PBXVariantGroup;
			children = (
				79001E501C16AD8C0067E277 /* Base */,
			);
			name = LaunchScreen.xib;
			sourceTree = "<group>";
		};
/* End PBXVariantGroup section */

/* Begin XCBuildConfiguration section */
		79001E5E1C16AD8C0067E277 /* Debug */ = {
			isa = XCBuildConfiguration;
			buildSettings = {
				ALWAYS_SEARCH_USER_PATHS = NO;
				CLANG_CXX_LANGUAGE_STANDARD = "gnu++0x";
				CLANG_CXX_LIBRARY = "libc++";
				CLANG_ENABLE_MODULES = YES;
				CLANG_ENABLE_OBJC_ARC = YES;
				CLANG_WARN_BOOL_CONVERSION = YES;
				CLANG_WARN_CONSTANT_CONVERSION = YES;
				CLANG_WARN_DIRECT_OBJC_ISA_USAGE = YES_ERROR;
				CLANG_WARN_EMPTY_BODY = YES;
				CLANG_WARN_ENUM_CONVERSION = YES;
				CLANG_WARN_INT_CONVERSION = YES;
				CLANG_WARN_OBJC_ROOT_CLASS = YES_ERROR;
				CLANG_WARN_UNREACHABLE_CODE = YES;
				CLANG_WARN__DUPLICATE_METHOD_MATCH = YES;
				"CODE_SIGN_IDENTITY[sdk=iphoneos*]" = "iPhone Developer";
				COPY_PHASE_STRIP = NO;
				DEBUG_INFORMATION_FORMAT = "dwarf-with-dsym";
				ENABLE_STRICT_OBJC_MSGSEND = YES;
				GCC_C_LANGUAGE_STANDARD = gnu99;
				GCC_DYNAMIC_NO_PIC = NO;
				GCC_NO_COMMON_BLOCKS = YES;
				GCC_OPTIMIZATION_LEVEL = 0;
				GCC_PREPROCESSOR_DEFINITIONS = (
					"DEBUG=1",
					"$(inherited)",
				);
				GCC_SYMBOLS_PRIVATE_EXTERN = NO;
				GCC_WARN_64_TO_32_BIT_CONVERSION = YES;
				GCC_WARN_ABOUT_RETURN_TYPE = YES_ERROR;
				GCC_WARN_UNDECLARED_SELECTOR = YES;
				GCC_WARN_UNINITIALIZED_AUTOS = YES_AGGRESSIVE;
				GCC_WARN_UNUSED_FUNCTION = YES;
				GCC_WARN_UNUSED_VARIABLE = YES;
				IPHONEOS_DEPLOYMENT_TARGET = 8.4;
				MTL_ENABLE_DEBUG_INFO = YES;
				ONLY_ACTIVE_ARCH = YES;
				SDKROOT = iphoneos;
				TARGETED_DEVICE_FAMILY = "1,2";
			};
			name = Debug;
		};
		79001E5F1C16AD8C0067E277 /* Release */ = {
			isa = XCBuildConfiguration;
			buildSettings = {
				ALWAYS_SEARCH_USER_PATHS = NO;
				CLANG_CXX_LANGUAGE_STANDARD = "gnu++0x";
				CLANG_CXX_LIBRARY = "libc++";
				CLANG_ENABLE_MODULES = YES;
				CLANG_ENABLE_OBJC_ARC = YES;
				CLANG_WARN_BOOL_CONVERSION = YES;
				CLANG_WARN_CONSTANT_CONVERSION = YES;
				CLANG_WARN_DIRECT_OBJC_ISA_USAGE = YES_ERROR;
				CLANG_WARN_EMPTY_BODY = YES;
				CLANG_WARN_ENUM_CONVERSION = YES;
				CLANG_WARN_INT_CONVERSION = YES;
				CLANG_WARN_OBJC_ROOT_CLASS = YES_ERROR;
				CLANG_WARN_UNREACHABLE_CODE = YES;
				CLANG_WARN__DUPLICATE_METHOD_MATCH = YES;
				"CODE_SIGN_IDENTITY[sdk=iphoneos*]" = "iPhone Developer";
				COPY_PHASE_STRIP = NO;
				DEBUG_INFORMATION_FORMAT = "dwarf-with-dsym";
				ENABLE_NS_ASSERTIONS = NO;
				ENABLE_STRICT_OBJC_MSGSEND = YES;
				GCC_C_LANGUAGE_STANDARD = gnu99;
				GCC_NO_COMMON_BLOCKS = YES;
				GCC_WARN_64_TO_32_BIT_CONVERSION = YES;
				GCC_WARN_ABOUT_RETURN_TYPE = YES_ERROR;
				GCC_WARN_UNDECLARED_SELECTOR = YES;
				GCC_WARN_UNINITIALIZED_AUTOS = YES_AGGRESSIVE;
				GCC_WARN_UNUSED_FUNCTION = YES;
				GCC_WARN_UNUSED_VARIABLE = YES;
				IPHONEOS_DEPLOYMENT_TARGET = 8.4;
				MTL_ENABLE_DEBUG_INFO = NO;
				SDKROOT = iphoneos;
				TARGETED_DEVICE_FAMILY = "1,2";
				VALIDATE_PRODUCT = YES;
			};
			name = Release;
		};
		79001E611C16AD8C0067E277 /* Debug */ = {
			isa = XCBuildConfiguration;
			buildSettings = {
				ASSETCATALOG_COMPILER_APPICON_NAME = AppIcon;
				INFOPLIST_FILE = testGif/Info.plist;
				LD_RUNPATH_SEARCH_PATHS = "$(inherited) @executable_path/Frameworks";
				PRODUCT_NAME = "$(TARGET_NAME)";
			};
			name = Debug;
		};
		79001E621C16AD8C0067E277 /* Release */ = {
			isa = XCBuildConfiguration;
			buildSettings = {
				ASSETCATALOG_COMPILER_APPICON_NAME = AppIcon;
				INFOPLIST_FILE = testGif/Info.plist;
				LD_RUNPATH_SEARCH_PATHS = "$(inherited) @executable_path/Frameworks";
				PRODUCT_NAME = "$(TARGET_NAME)";
			};
			name = Release;
		};
		79001E641C16AD8C0067E277 /* Debug */ = {
			isa = XCBuildConfiguration;
			buildSettings = {
				BUNDLE_LOADER = "$(TEST_HOST)";
				FRAMEWORK_SEARCH_PATHS = (
					"$(SDKROOT)/Developer/Library/Frameworks",
					"$(inherited)",
				);
				GCC_PREPROCESSOR_DEFINITIONS = (
					"DEBUG=1",
					"$(inherited)",
				);
				INFOPLIST_FILE = testGifTests/Info.plist;
				LD_RUNPATH_SEARCH_PATHS = "$(inherited) @executable_path/Frameworks @loader_path/Frameworks";
				PRODUCT_NAME = "$(TARGET_NAME)";
				TEST_HOST = "$(BUILT_PRODUCTS_DIR)/testGif.app/testGif";
			};
			name = Debug;
		};
		79001E651C16AD8C0067E277 /* Release */ = {
			isa = XCBuildConfiguration;
			buildSettings = {
				BUNDLE_LOADER = "$(TEST_HOST)";
				FRAMEWORK_SEARCH_PATHS = (
					"$(SDKROOT)/Developer/Library/Frameworks",
					"$(inherited)",
				);
				INFOPLIST_FILE = testGifTests/Info.plist;
				LD_RUNPATH_SEARCH_PATHS = "$(inherited) @executable_path/Frameworks @loader_path/Frameworks";
				PRODUCT_NAME = "$(TARGET_NAME)";
				TEST_HOST = "$(BUILT_PRODUCTS_DIR)/testGif.app/testGif";
			};
			name = Release;
		};
/* End XCBuildConfiguration section */

/* Begin XCConfigurationList section */
		79001E351C16AD8C0067E277 /* Build configuration list for PBXProject "testGif" */ = {
			isa = XCConfigurationList;
			buildConfigurations = (
				79001E5E1C16AD8C0067E277 /* Debug */,
				79001E5F1C16AD8C0067E277 /* Release */,
			);
			defaultConfigurationIsVisible = 0;
			defaultConfigurationName = Release;
		};
		79001E601C16AD8C0067E277 /* Build configuration list for PBXNativeTarget "testGif" */ = {
			isa = XCConfigurationList;
			buildConfigurations = (
				79001E611C16AD8C0067E277 /* Debug */,
				79001E621C16AD8C0067E277 /* Release */,
			);
			defaultConfigurationIsVisible = 0;
		};
		79001E631C16AD8C0067E277 /* Build configuration list for PBXNativeTarget "testGifTests" */ = {
			isa = XCConfigurationList;
			buildConfigurations = (
				79001E641C16AD8C0067E277 /* Debug */,
				79001E651C16AD8C0067E277 /* Release */,
			);
			defaultConfigurationIsVisible = 0;
		};
/* End XCConfigurationList section */
	};
	rootObject = 79001E321C16AD8C0067E277 /* Project object */;
}
